
Microsoft Visual Studio Solution File, Format Version 12.00
# Visual Studio Version 17
VisualStudioVersion = 17.9.34728.123
MinimumVisualStudioVersion = 10.0.40219.1
Project("{FAE04EC0-301F-11D3-BF4B-00C04F79EFBC}") = "MauiMiniR", "MauiMiniR\MauiMiniR.csproj", "{5F20D199-0D75-49ED-B132-0B808CE4EA52}"
EndProject
Global
	GlobalSection(SolutionConfigurationPlatforms) = preSolution
		Debug|Any CPU = Debug|Any CPU
		Release|Any CPU = Release|Any CPU
	EndGlobalSection
	GlobalSection(ProjectConfigurationPlatforms) = postSolution
		{5F20D199-0D75-49ED-B132-0B808CE4EA52}.Debug|Any CPU.ActiveCfg = Debug|Any CPU
		{5F20D199-0D75-49ED-B132-0B808CE4EA52}.Debug|Any CPU.Build.0 = Debug|Any CPU
		{5F20D199-0D75-49ED-B132-0B808CE4EA52}.Debug|Any CPU.Deploy.0 = Debug|Any CPU
		{5F20D199-0D75-49ED-B132-0B808CE4EA52}.Release|Any CPU.ActiveCfg = Release|Any CPU
		{5F20D199-0D75-49ED-B132-0B808CE4EA52}.Release|Any CPU.Build.0 = Release|Any CPU
		{5F20D199-0D75-49ED-B132-0B808CE4EA52}.Release|Any CPU.Deploy.0 = Release|Any CPU
	EndGlobalSection
	GlobalSection(SolutionProperties) = preSolution
		HideSolutionNode = FALSE
	EndGlobalSection
	GlobalSection(ExtensibilityGlobals) = postSolution
		SolutionGuid = {DB05D266-6AB4-4382-84FB-9FB6F3E3ED61}
	EndGlobalSection
EndGlobal
